
Microsoft Visual Studio Solution File, Format Version 12.00
# Visual Studio Version 16
VisualStudioVersion = 16.0.30503.244
MinimumVisualStudioVersion = 10.0.40219.1
Project("{9A19103F-16F7-4668-BE54-9A1E7A4F7556}") = "algo", "algo.csproj", "{A73246A0-0AF7-4207-A91A-A39FF5C3033C}"
EndProject
Global
	GlobalSection(SolutionConfigurationPlatforms) = preSolution
		Debug|Any CPU = Debug|Any CPU
		Release|Any CPU = Release|Any CPU
	EndGlobalSection
	GlobalSection(ProjectConfigurationPlatforms) = postSolution
		{A73246A0-0AF7-4207-A91A-A39FF5C3033C}.Debug|Any CPU.ActiveCfg = Debug|Any CPU
		{A73246A0-0AF7-4207-A91A-A39FF5C3033C}.Debug|Any CPU.Build.0 = Debug|Any CPU
		{A73246A0-0AF7-4207-A91A-A39FF5C3033C}.Release|Any CPU.ActiveCfg = Release|Any CPU
		{A73246A0-0AF7-4207-A91A-A39FF5C3033C}.Release|Any CPU.Build.0 = Release|Any CPU
	EndGlobalSection
	GlobalSection(SolutionProperties) = preSolution
		HideSolutionNode = FALSE
	EndGlobalSection
	GlobalSection(ExtensibilityGlobals) = postSolution
		SolutionGuid = {DDD59C8C-4083-477C-89F6-2F9B03B54F8D}
	EndGlobalSection
EndGlobal
